// !$*UTF8*$!
{
	archiveVersion = 1;
	classes = {
	};
	objectVersion = 46;
	objects = {

/* Begin PBXBuildFile section */
		FF188C1B1C8524B600BA0CA3 /* main.m in Sources */ = {isa = PBXBuildFile; fileRef = FF188C1A1C8524B600BA0CA3 /* main.m */; };
		FF188C1E1C8524B700BA0CA3 /* AppDelegate.m in Sources */ = {isa = PBXBuildFile; fileRef = FF188C1D1C8524B700BA0CA3 /* AppDelegate.m */; };
		FF188C211C8524B700BA0CA3 /* ViewController.m in Sources */ = {isa = PBXBuildFile; fileRef = FF188C201C8524B700BA0CA3 /* ViewController.m */; };
		FF188C241C8524B700BA0CA3 /* Main.storyboard in Resources */ = {isa = PBXBuildFile; fileRef = FF188C221C8524B700BA0CA3 /* Main.storyboard */; };
		FF188C261C8524B700BA0CA3 /* Assets.xcassets in Resources */ = {isa = PBXBuildFile; fileRef = FF188C251C8524B700BA0CA3 /* Assets.xcassets */; };
		FF188C291C8524B700BA0CA3 /* LaunchScreen.storyboard in Resources */ = {isa = PBXBuildFile; fileRef = FF188C271C8524B700BA0CA3 /* LaunchScreen.storyboard */; };
		FF188C3D1C8530EB00BA0CA3 /* assets in Resources */ = {isa = PBXBuildFile; fileRef = FF188C341C8530EB00BA0CA3 /* assets */; };
		FF188C3E1C8530EB00BA0CA3 /* RRBackgroundImageView.m in Sources */ = {isa = PBXBuildFile; fileRef = FF188C361C8530EB00BA0CA3 /* RRBackgroundImageView.m */; };
		FF188C3F1C8530EB00BA0CA3 /* RRCurvedTextView.m in Sources */ = {isa = PBXBuildFile; fileRef = FF188C381C8530EB00BA0CA3 /* RRCurvedTextView.m */; settings = {COMPILER_FLAGS = "-fno-objc-arc"; }; };
		FF188C401C8530EB00BA0CA3 /* RRWheelController.m in Sources */ = {isa = PBXBuildFile; fileRef = FF188C3A1C8530EB00BA0CA3 /* RRWheelController.m */; };
		FF188C411C8530EB00BA0CA3 /* RRWord.m in Sources */ = {isa = PBXBuildFile; fileRef = FF188C3C1C8530EB00BA0CA3 /* RRWord.m */; settings = {COMPILER_FLAGS = "-fno-obj-arc"; }; };
/* End PBXBuildFile section */

/* Begin PBXFileReference section */
		FF188C161C8524B600BA0CA3 /* wheel.app */ = {isa = PBXFileReference; explicitFileType = wrapper.application; includeInIndex = 0; path = wheel.app; sourceTree = BUILT_PRODUCTS_DIR; };
		FF188C1A1C8524B600BA0CA3 /* main.m */ = {isa = PBXFileReference; lastKnownFileType = sourcecode.c.objc; path = main.m; sourceTree = "<group>"; };
		FF188C1C1C8524B700BA0CA3 /* AppDelegate.h */ = {isa = PBXFileReference; lastKnownFileType = sourcecode.c.h; path = AppDelegate.h; sourceTree = "<group>"; };
		FF188C1D1C8524B700BA0CA3 /* AppDelegate.m */ = {isa = PBXFileReference; lastKnownFileType = sourcecode.c.objc; path = AppDelegate.m; sourceTree = "<group>"; };
		FF188C1F1C8524B700BA0CA3 /* ViewController.h */ = {isa = PBXFileReference; lastKnownFileType = sourcecode.c.h; path = ViewController.h; sourceTree = "<group>"; };
		FF188C201C8524B700BA0CA3 /* ViewController.m */ = {isa = PBXFileReference; lastKnownFileType = sourcecode.c.objc; path = ViewController.m; sourceTree = "<group>"; };
		FF188C231C8524B700BA0CA3 /* Base */ = {isa = PBXFileReference; lastKnownFileType = file.storyboard; name = Base; path = Base.lproj/Main.storyboard; sourceTree = "<group>"; };
		FF188C251C8524B700BA0CA3 /* Assets.xcassets */ = {isa = PBXFileReference; lastKnownFileType = folder.assetcatalog; path = Assets.xcassets; sourceTree = "<group>"; };
		FF188C281C8524B700BA0CA3 /* Base */ = {isa = PBXFileReference; lastKnownFileType = file.storyboard; name = Base; path = Base.lproj/LaunchScreen.storyboard; sourceTree = "<group>"; };
		FF188C2A1C8524B700BA0CA3 /* Info.plist */ = {isa = PBXFileReference; lastKnownFileType = text.plist.xml; path = Info.plist; sourceTree = "<group>"; };
		FF188C341C8530EB00BA0CA3 /* assets */ = {isa = PBXFileReference; lastKnownFileType = folder; name = assets; path = "dynamic-wheel/assets"; sourceTree = "<group>"; };
		FF188C351C8530EB00BA0CA3 /* RRBackgroundImageView.h */ = {isa = PBXFileReference; fileEncoding = 4; lastKnownFileType = sourcecode.c.h; name = RRBackgroundImageView.h; path = "dynamic-wheel/RRBackgroundImageView.h"; sourceTree = "<group>"; };
		FF188C361C8530EB00BA0CA3 /* RRBackgroundImageView.m */ = {isa = PBXFileReference; fileEncoding = 4; lastKnownFileType = sourcecode.c.objc; name = RRBackgroundImageView.m; path = "dynamic-wheel/RRBackgroundImageView.m"; sourceTree = "<group>"; };
		FF188C371C8530EB00BA0CA3 /* RRCurvedTextView.h */ = {isa = PBXFileReference; fileEncoding = 4; lastKnownFileType = sourcecode.c.h; name = RRCurvedTextView.h; path = "dynamic-wheel/RRCurvedTextView.h"; sourceTree = "<group>"; };
		FF188C381C8530EB00BA0CA3 /* RRCurvedTextView.m */ = {isa = PBXFileReference; fileEncoding = 4; lastKnownFileType = sourcecode.c.objc; name = RRCurvedTextView.m; path = "dynamic-wheel/RRCurvedTextView.m"; sourceTree = "<group>"; };
		FF188C391C8530EB00BA0CA3 /* RRWheelController.h */ = {isa = PBXFileReference; fileEncoding = 4; lastKnownFileType = sourcecode.c.h; name = RRWheelController.h; path = "dynamic-wheel/RRWheelController.h"; sourceTree = "<group>"; };
		FF188C3A1C8530EB00BA0CA3 /* RRWheelController.m */ = {isa = PBXFileReference; fileEncoding = 4; lastKnownFileType = sourcecode.c.objc; name = RRWheelController.m; path = "dynamic-wheel/RRWheelController.m"; sourceTree = "<group>"; };
		FF188C3B1C8530EB00BA0CA3 /* RRWord.h */ = {isa = PBXFileReference; fileEncoding = 4; lastKnownFileType = sourcecode.c.h; name = RRWord.h; path = "dynamic-wheel/RRWord.h"; sourceTree = "<group>"; };
		FF188C3C1C8530EB00BA0CA3 /* RRWord.m */ = {isa = PBXFileReference; fileEncoding = 4; lastKnownFileType = sourcecode.c.objc; name = RRWord.m; path = "dynamic-wheel/RRWord.m"; sourceTree = "<group>"; };
/* End PBXFileReference section */

/* Begin PBXFrameworksBuildPhase section */
		FF188C131C8524B600BA0CA3 /* Frameworks */ = {
			isa = PBXFrameworksBuildPhase;
			buildActionMask = 2147483647;
			files = (
			);
			runOnlyForDeploymentPostprocessing = 0;
		};
/* End PBXFrameworksBuildPhase section */

/* Begin PBXGroup section */
		FF188C0D1C8524B600BA0CA3 = {
			isa = PBXGroup;
			children = (
				FF188C181C8524B600BA0CA3 /* wheel */,
				FF188C171C8524B600BA0CA3 /* Products */,
			);
			sourceTree = "<group>";
		};
		FF188C171C8524B600BA0CA3 /* Products */ = {
			isa = PBXGroup;
			children = (
				FF188C161C8524B600BA0CA3 /* wheel.app */,
			);
			name = Products;
			sourceTree = "<group>";
		};
		FF188C181C8524B600BA0CA3 /* wheel */ = {
			isa = PBXGroup;
			children = (
				FF188C341C8530EB00BA0CA3 /* assets */,
				FF188C351C8530EB00BA0CA3 /* RRBackgroundImageView.h */,
				FF188C361C8530EB00BA0CA3 /* RRBackgroundImageView.m */,
				FF188C371C8530EB00BA0CA3 /* RRCurvedTextView.h */,
				FF188C381C8530EB00BA0CA3 /* RRCurvedTextView.m */,
				FF188C391C8530EB00BA0CA3 /* RRWheelController.h */,
				FF188C3A1C8530EB00BA0CA3 /* RRWheelController.m */,
				FF188C3B1C8530EB00BA0CA3 /* RRWord.h */,
				FF188C3C1C8530EB00BA0CA3 /* RRWord.m */,
				FF188C1C1C8524B700BA0CA3 /* AppDelegate.h */,
				FF188C1D1C8524B700BA0CA3 /* AppDelegate.m */,
				FF188C1F1C8524B700BA0CA3 /* ViewController.h */,
				FF188C201C8524B700BA0CA3 /* ViewController.m */,
				FF188C221C8524B700BA0CA3 /* Main.storyboard */,
				FF188C251C8524B700BA0CA3 /* Assets.xcassets */,
				FF188C271C8524B700BA0CA3 /* LaunchScreen.storyboard */,
				FF188C2A1C8524B700BA0CA3 /* Info.plist */,
				FF188C191C8524B600BA0CA3 /* Supporting Files */,
			);
			path = wheel;
			sourceTree = "<group>";
		};
		FF188C191C8524B600BA0CA3 /* Supporting Files */ = {
			isa = PBXGroup;
			children = (
				FF188C1A1C8524B600BA0CA3 /* main.m */,
			);
			name = "Supporting Files";
			sourceTree = "<group>";
		};
/* End PBXGroup section */

/* Begin PBXNativeTarget section */
		FF188C151C8524B600BA0CA3 /* wheel */ = {
			isa = PBXNativeTarget;
			buildConfigurationList = FF188C2D1C8524B700BA0CA3 /* Build configuration list for PBXNativeTarget "wheel" */;
			buildPhases = (
				FF188C121C8524B600BA0CA3 /* Sources */,
				FF188C131C8524B600BA0CA3 /* Frameworks */,
				FF188C141C8524B600BA0CA3 /* Resources */,
			);
			buildRules = (
			);
			dependencies = (
			);
			name = wheel;
			productName = wheel;
			productReference = FF188C161C8524B600BA0CA3 /* wheel.app */;
			productType = "com.apple.product-type.application";
		};
/* End PBXNativeTarget section */

/* Begin PBXProject section */
		FF188C0E1C8524B600BA0CA3 /* Project object */ = {
			isa = PBXProject;
			attributes = {
				LastUpgradeCheck = 0720;
				ORGANIZATIONNAME = redflower;
				TargetAttributes = {
					FF188C151C8524B600BA0CA3 = {
						CreatedOnToolsVersion = 7.2;
					};
				};
			};
			buildConfigurationList = FF188C111C8524B600BA0CA3 /* Build configuration list for PBXProject "wheel" */;
			compatibilityVersion = "Xcode 3.2";
			developmentRegion = English;
			hasScannedForEncodings = 0;
			knownRegions = (
				en,
				Base,
			);
			mainGroup = FF188C0D1C8524B600BA0CA3;
			productRefGroup = FF188C171C8524B600BA0CA3 /* Products */;
			projectDirPath = "";
			projectRoot = "";
			targets = (
				FF188C151C8524B600BA0CA3 /* wheel */,
			);
		};
/* End PBXProject section */

/* Begin PBXResourcesBuildPhase section */
		FF188C141C8524B600BA0CA3 /* Resources */ = {
			isa = PBXResourcesBuildPhase;
			buildActionMask = 2147483647;
			files = (
				FF188C291C8524B700BA0CA3 /* LaunchScreen.storyboard in Resources */,
				FF188C3D1C8530EB00BA0CA3 /* assets in Resources */,
				FF188C261C8524B700BA0CA3 /* Assets.xcassets in Resources */,
				FF188C241C8524B700BA0CA3 /* Main.storyboard in Resources */,
			);
			runOnlyForDeploymentPostprocessing = 0;
		};
/* End PBXResourcesBuildPhase section */

/* Begin PBXSourcesBuildPhase section */
		FF188C121C8524B600BA0CA3 /* Sources */ = {
			isa = PBXSourcesBuildPhase;
			buildActionMask = 2147483647;
			files = (
				FF188C3E1C8530EB00BA0CA3 /* RRBackgroundImageView.m in Sources */,
				FF188C211C8524B700BA0CA3 /* ViewController.m in Sources */,
				FF188C1E1C8524B700BA0CA3 /* AppDelegate.m in Sources */,
				FF188C401C8530EB00BA0CA3 /* RRWheelController.m in Sources */,
				FF188C411C8530EB00BA0CA3 /* RRWord.m in Sources */,
				FF188C1B1C8524B600BA0CA3 /* main.m in Sources */,
				FF188C3F1C8530EB00BA0CA3 /* RRCurvedTextView.m in Sources */,
			);
			runOnlyForDeploymentPostprocessing = 0;
		};
/* End PBXSourcesBuildPhase section */

/* Begin PBXVariantGroup section */
		FF188C221C8524B700BA0CA3 /* Main.storyboard */ = {
			isa = PBXVariantGroup;
			children = (
				FF188C231C8524B700BA0CA3 /* Base */,
			);
			name = Main.storyboard;
			sourceTree = "<group>";
		};
		FF188C271C8524B700BA0CA3 /* LaunchScreen.storyboard */ = {
			isa = PBXVariantGroup;
			children = (
				FF188C281C8524B700BA0CA3 /* Base */,
			);
			name = LaunchScreen.storyboard;
			sourceTree = "<group>";
		};
/* End PBXVariantGroup section */

/* Begin XCBuildConfiguration section */
		FF188C2B1C8524B700BA0CA3 /* Debug */ = {
			isa = XCBuildConfiguration;
			buildSettings = {
				ALWAYS_SEARCH_USER_PATHS = NO;
				CLANG_CXX_LANGUAGE_STANDARD = "gnu++0x";
				CLANG_CXX_LIBRARY = "libc++";
				CLANG_ENABLE_MODULES = YES;
				CLANG_ENABLE_OBJC_ARC = YES;
				CLANG_WARN_BOOL_CONVERSION = YES;
				CLANG_WARN_CONSTANT_CONVERSION = YES;
				CLANG_WARN_DIRECT_OBJC_ISA_USAGE = YES_ERROR;
				CLANG_WARN_EMPTY_BODY = YES;
				CLANG_WARN_ENUM_CONVERSION = YES;
				CLANG_WARN_INT_CONVERSION = YES;
				CLANG_WARN_OBJC_ROOT_CLASS = YES_ERROR;
				CLANG_WARN_UNREACHABLE_CODE = YES;
				CLANG_WARN__DUPLICATE_METHOD_MATCH = YES;
				"CODE_SIGN_IDENTITY[sdk=iphoneos*]" = "iPhone Developer";
				COPY_PHASE_STRIP = NO;
				DEBUG_INFORMATION_FORMAT = dwarf;
				ENABLE_STRICT_OBJC_MSGSEND = YES;
				ENABLE_TESTABILITY = YES;
				GCC_C_LANGUAGE_STANDARD = gnu99;
				GCC_DYNAMIC_NO_PIC = NO;
				GCC_NO_COMMON_BLOCKS = YES;
				GCC_OPTIMIZATION_LEVEL = 0;
				GCC_PREPROCESSOR_DEFINITIONS = (
					"DEBUG=1",
					"$(inherited)",
				);
				GCC_WARN_64_TO_32_BIT_CONVERSION = YES;
				GCC_WARN_ABOUT_RETURN_TYPE = YES_ERROR;
				GCC_WARN_UNDECLARED_SELECTOR = YES;
				GCC_WARN_UNINITIALIZED_AUTOS = YES_AGGRESSIVE;
				GCC_WARN_UNUSED_FUNCTION = YES;
				GCC_WARN_UNUSED_VARIABLE = YES;
				IPHONEOS_DEPLOYMENT_TARGET = 8.0;
				MTL_ENABLE_DEBUG_INFO = YES;
				ONLY_ACTIVE_ARCH = YES;
				SDKROOT = iphoneos;
			};
			name = Debug;
		};
		FF188C2C1C8524B700BA0CA3 /* Release */ = {
			isa = XCBuildConfiguration;
			buildSettings = {
				ALWAYS_SEARCH_USER_PATHS = NO;
				CLANG_CXX_LANGUAGE_STANDARD = "gnu++0x";
				CLANG_CXX_LIBRARY = "libc++";
				CLANG_ENABLE_MODULES = YES;
				CLANG_ENABLE_OBJC_ARC = YES;
				CLANG_WARN_BOOL_CONVERSION = YES;
				CLANG_WARN_CONSTANT_CONVERSION = YES;
				CLANG_WARN_DIRECT_OBJC_ISA_USAGE = YES_ERROR;
				CLANG_WARN_EMPTY_BODY = YES;
				CLANG_WARN_ENUM_CONVERSION = YES;
				CLANG_WARN_INT_CONVERSION = YES;
				CLANG_WARN_OBJC_ROOT_CLASS = YES_ERROR;
				CLANG_WARN_UNREACHABLE_CODE = YES;
				CLANG_WARN__DUPLICATE_METHOD_MATCH = YES;
				"CODE_SIGN_IDENTITY[sdk=iphoneos*]" = "iPhone Developer";
				COPY_PHASE_STRIP = NO;
				DEBUG_INFORMATION_FORMAT = "dwarf-with-dsym";
				ENABLE_NS_ASSERTIONS = NO;
				ENABLE_STRICT_OBJC_MSGSEND = YES;
				GCC_C_LANGUAGE_STANDARD = gnu99;
				GCC_NO_COMMON_BLOCKS = YES;
				GCC_WARN_64_TO_32_BIT_CONVERSION = YES;
				GCC_WARN_ABOUT_RETURN_TYPE = YES_ERROR;
				GCC_WARN_UNDECLARED_SELECTOR = YES;
				GCC_WARN_UNINITIALIZED_AUTOS = YES_AGGRESSIVE;
				GCC_WARN_UNUSED_FUNCTION = YES;
				GCC_WARN_UNUSED_VARIABLE = YES;
				IPHONEOS_DEPLOYMENT_TARGET = 8.0;
				MTL_ENABLE_DEBUG_INFO = NO;
				SDKROOT = iphoneos;
				VALIDATE_PRODUCT = YES;
			};
			name = Release;
		};
		FF188C2E1C8524B700BA0CA3 /* Debug */ = {
			isa = XCBuildConfiguration;
			buildSettings = {
				ASSETCATALOG_COMPILER_APPICON_NAME = AppIcon;
				INFOPLIST_FILE = wheel/Info.plist;
				LD_RUNPATH_SEARCH_PATHS = "$(inherited) @executable_path/Frameworks";
				PRODUCT_BUNDLE_IDENTIFIER = com.adobe.wheel;
				PRODUCT_NAME = "$(TARGET_NAME)";
			};
			name = Debug;
		};
		FF188C2F1C8524B700BA0CA3 /* Release */ = {
			isa = XCBuildConfiguration;
			buildSettings = {
				ASSETCATALOG_COMPILER_APPICON_NAME = AppIcon;
				INFOPLIST_FILE = wheel/Info.plist;
				LD_RUNPATH_SEARCH_PATHS = "$(inherited) @executable_path/Frameworks";
				PRODUCT_BUNDLE_IDENTIFIER = com.adobe.wheel;
				PRODUCT_NAME = "$(TARGET_NAME)";
			};
			name = Release;
		};
/* End XCBuildConfiguration section */

/* Begin XCConfigurationList section */
		FF188C111C8524B600BA0CA3 /* Build configuration list for PBXProject "wheel" */ = {
			isa = XCConfigurationList;
			buildConfigurations = (
				FF188C2B1C8524B700BA0CA3 /* Debug */,
				FF188C2C1C8524B700BA0CA3 /* Release */,
			);
			defaultConfigurationIsVisible = 0;
			defaultConfigurationName = Release;
		};
		FF188C2D1C8524B700BA0CA3 /* Build configuration list for PBXNativeTarget "wheel" */ = {
			isa = XCConfigurationList;
			buildConfigurations = (
				FF188C2E1C8524B700BA0CA3 /* Debug */,
				FF188C2F1C8524B700BA0CA3 /* Release */,
			);
			defaultConfigurationIsVisible = 0;
			defaultConfigurationName = Release;
		};
/* End XCConfigurationList section */
	};
	rootObject = FF188C0E1C8524B600BA0CA3 /* Project object */;
}
